
Microsoft Visual Studio Solution File, Format Version 12.00
# Visual Studio 15
Project("{FAE04EC0-301F-11D3-BF4B-00C04F79EFBC}") = "CityInfo.API", "CityInfo.API\CityInfo.API.csproj", "{32602673-D8C1-487B-A25D-AA7775C8D5E8}"
EndProject
Global
	GlobalSection(SolutionConfigurationPlatforms) = preSolution
		Debug|Any CPU = Debug|Any CPU
		Release|Any CPU = Release|Any CPU
	EndGlobalSection
	GlobalSection(ProjectConfigurationPlatforms) = postSolution
		{32602673-D8C1-487B-A25D-AA7775C8D5E8}.Debug|Any CPU.ActiveCfg = Debug|Any CPU
		{32602673-D8C1-487B-A25D-AA7775C8D5E8}.Debug|Any CPU.Build.0 = Debug|Any CPU
		{32602673-D8C1-487B-A25D-AA7775C8D5E8}.Release|Any CPU.ActiveCfg = Release|Any CPU
		{32602673-D8C1-487B-A25D-AA7775C8D5E8}.Release|Any CPU.Build.0 = Release|Any CPU
	EndGlobalSection
EndGlobal
